
Microsoft Visual Studio Solution File, Format Version 12.00
# Visual Studio 15
VisualStudioVersion = 15.0.26403.7
MinimumVisualStudioVersion = 10.0.40219.1
Project("{FAE04EC0-301F-11D3-BF4B-00C04F79EFBC}") = "NotificationDemo.Android", "NotificationDemo\NotificationDemo.Android\NotificationDemo.Android.csproj", "{BF24BA8C-E43C-41FE-81A9-DF86672463BB}"
EndProject
Project("{FAE04EC0-301F-11D3-BF4B-00C04F79EFBC}") = "NotificationDemo", "NotificationDemo\NotificationDemo\NotificationDemo.csproj", "{AD936758-6973-45B2-BBE4-72C226252C48}"
EndProject
Project("{FAE04EC0-301F-11D3-BF4B-00C04F79EFBC}") = "NotificationDemo.UWP", "NotificationDemo\NotificationDemo.UWP\NotificationDemo.UWP.csproj", "{F1A5357D-DC9A-489A-B596-6BBADA4A059E}"
EndProject
Project("{FAE04EC0-301F-11D3-BF4B-00C04F79EFBC}") = "NotificationDemo.iOS", "NotificationDemo\NotificationDemo.iOS\NotificationDemo.iOS.csproj", "{2203132C-19DD-42A6-8512-15F7F271C28C}"
EndProject
Global
	GlobalSection(SolutionConfigurationPlatforms) = preSolution
		Ad-Hoc|Any CPU = Ad-Hoc|Any CPU
		Ad-Hoc|ARM = Ad-Hoc|ARM
		Ad-Hoc|iPhone = Ad-Hoc|iPhone
		Ad-Hoc|iPhoneSimulator = Ad-Hoc|iPhoneSimulator
		Ad-Hoc|x64 = Ad-Hoc|x64
		Ad-Hoc|x86 = Ad-Hoc|x86
		AppStore|Any CPU = AppStore|Any CPU
		AppStore|ARM = AppStore|ARM
		AppStore|iPhone = AppStore|iPhone
		AppStore|iPhoneSimulator = AppStore|iPhoneSimulator
		AppStore|x64 = AppStore|x64
		AppStore|x86 = AppStore|x86
		Debug|Any CPU = Debug|Any CPU
		Debug|ARM = Debug|ARM
		Debug|iPhone = Debug|iPhone
		Debug|iPhoneSimulator = Debug|iPhoneSimulator
		Debug|x64 = Debug|x64
		Debug|x86 = Debug|x86
		Release|Any CPU = Release|Any CPU
		Release|ARM = Release|ARM
		Release|iPhone = Release|iPhone
		Release|iPhoneSimulator = Release|iPhoneSimulator
		Release|x64 = Release|x64
		Release|x86 = Release|x86
	EndGlobalSection
	GlobalSection(ProjectConfigurationPlatforms) = postSolution
		{BF24BA8C-E43C-41FE-81A9-DF86672463BB}.Ad-Hoc|Any CPU.ActiveCfg = Release|Any CPU
		{BF24BA8C-E43C-41FE-81A9-DF86672463BB}.Ad-Hoc|Any CPU.Build.0 = Release|Any CPU
		{BF24BA8C-E43C-41FE-81A9-DF86672463BB}.Ad-Hoc|Any CPU.Deploy.0 = Release|Any CPU
		{BF24BA8C-E43C-41FE-81A9-DF86672463BB}.Ad-Hoc|ARM.ActiveCfg = Release|Any CPU
		{BF24BA8C-E43C-41FE-81A9-DF86672463BB}.Ad-Hoc|ARM.Build.0 = Release|Any CPU
		{BF24BA8C-E43C-41FE-81A9-DF86672463BB}.Ad-Hoc|ARM.Deploy.0 = Release|Any CPU
		{BF24BA8C-E43C-41FE-81A9-DF86672463BB}.Ad-Hoc|iPhone.ActiveCfg = Release|Any CPU
		{BF24BA8C-E43C-41FE-81A9-DF86672463BB}.Ad-Hoc|iPhone.Build.0 = Release|Any CPU
		{BF24BA8C-E43C-41FE-81A9-DF86672463BB}.Ad-Hoc|iPhone.Deploy.0 = Release|Any CPU
		{BF24BA8C-E43C-41FE-81A9-DF86672463BB}.Ad-Hoc|iPhoneSimulator.ActiveCfg = Release|Any CPU
		{BF24BA8C-E43C-41FE-81A9-DF86672463BB}.Ad-Hoc|iPhoneSimulator.Build.0 = Release|Any CPU
		{BF24BA8C-E43C-41FE-81A9-DF86672463BB}.Ad-Hoc|iPhoneSimulator.Deploy.0 = Release|Any CPU
		{BF24BA8C-E43C-41FE-81A9-DF86672463BB}.Ad-Hoc|x64.ActiveCfg = Release|Any CPU
		{BF24BA8C-E43C-41FE-81A9-DF86672463BB}.Ad-Hoc|x64.Build.0 = Release|Any CPU
		{BF24BA8C-E43C-41FE-81A9-DF86672463BB}.Ad-Hoc|x64.Deploy.0 = Release|Any CPU
		{BF24BA8C-E43C-41FE-81A9-DF86672463BB}.Ad-Hoc|x86.ActiveCfg = Release|Any CPU
		{BF24BA8C-E43C-41FE-81A9-DF86672463BB}.Ad-Hoc|x86.Build.0 = Release|Any CPU
		{BF24BA8C-E43C-41FE-81A9-DF86672463BB}.Ad-Hoc|x86.Deploy.0 = Release|Any CPU
		{BF24BA8C-E43C-41FE-81A9-DF86672463BB}.AppStore|Any CPU.ActiveCfg = Release|Any CPU
		{BF24BA8C-E43C-41FE-81A9-DF86672463BB}.AppStore|Any CPU.Build.0 = Release|Any CPU
		{BF24BA8C-E43C-41FE-81A9-DF86672463BB}.AppStore|Any CPU.Deploy.0 = Release|Any CPU
		{BF24BA8C-E43C-41FE-81A9-DF86672463BB}.AppStore|ARM.ActiveCfg = Release|Any CPU
		{BF24BA8C-E43C-41FE-81A9-DF86672463BB}.AppStore|ARM.Build.0 = Release|Any CPU
		{BF24BA8C-E43C-41FE-81A9-DF86672463BB}.AppStore|ARM.Deploy.0 = Release|Any CPU
		{BF24BA8C-E43C-41FE-81A9-DF86672463BB}.AppStore|iPhone.ActiveCfg = Release|Any CPU
		{BF24BA8C-E43C-41FE-81A9-DF86672463BB}.AppStore|iPhone.Build.0 = Release|Any CPU
		{BF24BA8C-E43C-41FE-81A9-DF86672463BB}.AppStore|iPhone.Deploy.0 = Release|Any CPU
		{BF24BA8C-E43C-41FE-81A9-DF86672463BB}.AppStore|iPhoneSimulator.ActiveCfg = Release|Any CPU
		{BF24BA8C-E43C-41FE-81A9-DF86672463BB}.AppStore|iPhoneSimulator.Build.0 = Release|Any CPU
		{BF24BA8C-E43C-41FE-81A9-DF86672463BB}.AppStore|iPhoneSimulator.Deploy.0 = Release|Any CPU
		{BF24BA8C-E43C-41FE-81A9-DF86672463BB}.AppStore|x64.ActiveCfg = Release|Any CPU
		{BF24BA8C-E43C-41FE-81A9-DF86672463BB}.AppStore|x64.Build.0 = Release|Any CPU
		{BF24BA8C-E43C-41FE-81A9-DF86672463BB}.AppStore|x64.Deploy.0 = Release|Any CPU
		{BF24BA8C-E43C-41FE-81A9-DF86672463BB}.AppStore|x86.ActiveCfg = Release|Any CPU
		{BF24BA8C-E43C-41FE-81A9-DF86672463BB}.AppStore|x86.Build.0 = Release|Any CPU
		{BF24BA8C-E43C-41FE-81A9-DF86672463BB}.AppStore|x86.Deploy.0 = Release|Any CPU
		{BF24BA8C-E43C-41FE-81A9-DF86672463BB}.Debug|Any CPU.ActiveCfg = Debug|Any CPU
		{BF24BA8C-E43C-41FE-81A9-DF86672463BB}.Debug|Any CPU.Build.0 = Debug|Any CPU
		{BF24BA8C-E43C-41FE-81A9-DF86672463BB}.Debug|Any CPU.Deploy.0 = Debug|Any CPU
		{BF24BA8C-E43C-41FE-81A9-DF86672463BB}.Debug|ARM.ActiveCfg = Debug|Any CPU
		{BF24BA8C-E43C-41FE-81A9-DF86672463BB}.Debug|ARM.Build.0 = Debug|Any CPU
		{BF24BA8C-E43C-41FE-81A9-DF86672463BB}.Debug|ARM.Deploy.0 = Debug|Any CPU
		{BF24BA8C-E43C-41FE-81A9-DF86672463BB}.Debug|iPhone.ActiveCfg = Debug|Any CPU
		{BF24BA8C-E43C-41FE-81A9-DF86672463BB}.Debug|iPhone.Build.0 = Debug|Any CPU
		{BF24BA8C-E43C-41FE-81A9-DF86672463BB}.Debug|iPhone.Deploy.0 = Debug|Any CPU
		{BF24BA8C-E43C-41FE-81A9-DF86672463BB}.Debug|iPhoneSimulator.ActiveCfg = Debug|Any CPU
		{BF24BA8C-E43C-41FE-81A9-DF86672463BB}.Debug|iPhoneSimulator.Build.0 = Debug|Any CPU
		{BF24BA8C-E43C-41FE-81A9-DF86672463BB}.Debug|iPhoneSimulator.Deploy.0 = Debug|Any CPU
		{BF24BA8C-E43C-41FE-81A9-DF86672463BB}.Debug|x64.ActiveCfg = Debug|Any CPU
		{BF24BA8C-E43C-41FE-81A9-DF86672463BB}.Debug|x64.Build.0 = Debug|Any CPU
		{BF24BA8C-E43C-41FE-81A9-DF86672463BB}.Debug|x64.Deploy.0 = Debug|Any CPU
		{BF24BA8C-E43C-41FE-81A9-DF86672463BB}.Debug|x86.ActiveCfg = Debug|Any CPU
		{BF24BA8C-E43C-41FE-81A9-DF86672463BB}.Debug|x86.Build.0 = Debug|Any CPU
		{BF24BA8C-E43C-41FE-81A9-DF86672463BB}.Debug|x86.Deploy.0 = Debug|Any CPU
		{BF24BA8C-E43C-41FE-81A9-DF86672463BB}.Release|Any CPU.ActiveCfg = Release|Any CPU
		{BF24BA8C-E43C-41FE-81A9-DF86672463BB}.Release|Any CPU.Build.0 = Release|Any CPU
		{BF24BA8C-E43C-41FE-81A9-DF86672463BB}.Release|Any CPU.Deploy.0 = Release|Any CPU
		{BF24BA8C-E43C-41FE-81A9-DF86672463BB}.Release|ARM.ActiveCfg = Release|Any CPU
		{BF24BA8C-E43C-41FE-81A9-DF86672463BB}.Release|ARM.Build.0 = Release|Any CPU
		{BF24BA8C-E43C-41FE-81A9-DF86672463BB}.Release|ARM.Deploy.0 = Release|Any CPU
		{BF24BA8C-E43C-41FE-81A9-DF86672463BB}.Release|iPhone.ActiveCfg = Release|Any CPU
		{BF24BA8C-E43C-41FE-81A9-DF86672463BB}.Release|iPhone.Build.0 = Release|Any CPU
		{BF24BA8C-E43C-41FE-81A9-DF86672463BB}.Release|iPhone.Deploy.0 = Release|Any CPU
		{BF24BA8C-E43C-41FE-81A9-DF86672463BB}.Release|iPhoneSimulator.ActiveCfg = Release|Any CPU
		{BF24BA8C-E43C-41FE-81A9-DF86672463BB}.Release|iPhoneSimulator.Build.0 = Release|Any CPU
		{BF24BA8C-E43C-41FE-81A9-DF86672463BB}.Release|iPhoneSimulator.Deploy.0 = Release|Any CPU
		{BF24BA8C-E43C-41FE-81A9-DF86672463BB}.Release|x64.ActiveCfg = Release|Any CPU
		{BF24BA8C-E43C-41FE-81A9-DF86672463BB}.Release|x64.Build.0 = Release|Any CPU
		{BF24BA8C-E43C-41FE-81A9-DF86672463BB}.Release|x64.Deploy.0 = Release|Any CPU
		{BF24BA8C-E43C-41FE-81A9-DF86672463BB}.Release|x86.ActiveCfg = Release|Any CPU
		{BF24BA8C-E43C-41FE-81A9-DF86672463BB}.Release|x86.Build.0 = Release|Any CPU
		{BF24BA8C-E43C-41FE-81A9-DF86672463BB}.Release|x86.Deploy.0 = Release|Any CPU
		{AD936758-6973-45B2-BBE4-72C226252C48}.Ad-Hoc|Any CPU.ActiveCfg = Release|Any CPU
		{AD936758-6973-45B2-BBE4-72C226252C48}.Ad-Hoc|Any CPU.Build.0 = Release|Any CPU
		{AD936758-6973-45B2-BBE4-72C226252C48}.Ad-Hoc|ARM.ActiveCfg = Release|Any CPU
		{AD936758-6973-45B2-BBE4-72C226252C48}.Ad-Hoc|ARM.Build.0 = Release|Any CPU
		{AD936758-6973-45B2-BBE4-72C226252C48}.Ad-Hoc|iPhone.ActiveCfg = Release|Any CPU
		{AD936758-6973-45B2-BBE4-72C226252C48}.Ad-Hoc|iPhone.Build.0 = Release|Any CPU
		{AD936758-6973-45B2-BBE4-72C226252C48}.Ad-Hoc|iPhoneSimulator.ActiveCfg = Release|Any CPU
		{AD936758-6973-45B2-BBE4-72C226252C48}.Ad-Hoc|iPhoneSimulator.Build.0 = Release|Any CPU
		{AD936758-6973-45B2-BBE4-72C226252C48}.Ad-Hoc|x64.ActiveCfg = Release|Any CPU
		{AD936758-6973-45B2-BBE4-72C226252C48}.Ad-Hoc|x64.Build.0 = Release|Any CPU
		{AD936758-6973-45B2-BBE4-72C226252C48}.Ad-Hoc|x86.ActiveCfg = Release|Any CPU
		{AD936758-6973-45B2-BBE4-72C226252C48}.Ad-Hoc|x86.Build.0 = Release|Any CPU
		{AD936758-6973-45B2-BBE4-72C226252C48}.AppStore|Any CPU.ActiveCfg = Release|Any CPU
		{AD936758-6973-45B2-BBE4-72C226252C48}.AppStore|Any CPU.Build.0 = Release|Any CPU
		{AD936758-6973-45B2-BBE4-72C226252C48}.AppStore|ARM.ActiveCfg = Release|Any CPU
		{AD936758-6973-45B2-BBE4-72C226252C48}.AppStore|ARM.Build.0 = Release|Any CPU
		{AD936758-6973-45B2-BBE4-72C226252C48}.AppStore|iPhone.ActiveCfg = Release|Any CPU
		{AD936758-6973-45B2-BBE4-72C226252C48}.AppStore|iPhone.Build.0 = Release|Any CPU
		{AD936758-6973-45B2-BBE4-72C226252C48}.AppStore|iPhoneSimulator.ActiveCfg = Release|Any CPU
		{AD936758-6973-45B2-BBE4-72C226252C48}.AppStore|iPhoneSimulator.Build.0 = Release|Any CPU
		{AD936758-6973-45B2-BBE4-72C226252C48}.AppStore|x64.ActiveCfg = Release|Any CPU
		{AD936758-6973-45B2-BBE4-72C226252C48}.AppStore|x64.Build.0 = Release|Any CPU
		{AD936758-6973-45B2-BBE4-72C226252C48}.AppStore|x86.ActiveCfg = Release|Any CPU
		{AD936758-6973-45B2-BBE4-72C226252C48}.AppStore|x86.Build.0 = Release|Any CPU
		{AD936758-6973-45B2-BBE4-72C226252C48}.Debug|Any CPU.ActiveCfg = Debug|Any CPU
		{AD936758-6973-45B2-BBE4-72C226252C48}.Debug|Any CPU.Build.0 = Debug|Any CPU
		{AD936758-6973-45B2-BBE4-72C226252C48}.Debug|ARM.ActiveCfg = Debug|Any CPU
		{AD936758-6973-45B2-BBE4-72C226252C48}.Debug|ARM.Build.0 = Debug|Any CPU
		{AD936758-6973-45B2-BBE4-72C226252C48}.Debug|iPhone.ActiveCfg = Debug|Any CPU
		{AD936758-6973-45B2-BBE4-72C226252C48}.Debug|iPhone.Build.0 = Debug|Any CPU
		{AD936758-6973-45B2-BBE4-72C226252C48}.Debug|iPhoneSimulator.ActiveCfg = Debug|Any CPU
		{AD936758-6973-45B2-BBE4-72C226252C48}.Debug|iPhoneSimulator.Build.0 = Debug|Any CPU
		{AD936758-6973-45B2-BBE4-72C226252C48}.Debug|x64.ActiveCfg = Debug|Any CPU
		{AD936758-6973-45B2-BBE4-72C226252C48}.Debug|x64.Build.0 = Debug|Any CPU
		{AD936758-6973-45B2-BBE4-72C226252C48}.Debug|x86.ActiveCfg = Debug|Any CPU
		{AD936758-6973-45B2-BBE4-72C226252C48}.Debug|x86.Build.0 = Debug|Any CPU
		{AD936758-6973-45B2-BBE4-72C226252C48}.Release|Any CPU.ActiveCfg = Release|Any CPU
		{AD936758-6973-45B2-BBE4-72C226252C48}.Release|Any CPU.Build.0 = Release|Any CPU
		{AD936758-6973-45B2-BBE4-72C226252C48}.Release|ARM.ActiveCfg = Release|Any CPU
		{AD936758-6973-45B2-BBE4-72C226252C48}.Release|ARM.Build.0 = Release|Any CPU
		{AD936758-6973-45B2-BBE4-72C226252C48}.Release|iPhone.ActiveCfg = Release|Any CPU
		{AD936758-6973-45B2-BBE4-72C226252C48}.Release|iPhone.Build.0 = Release|Any CPU
		{AD936758-6973-45B2-BBE4-72C226252C48}.Release|iPhoneSimulator.ActiveCfg = Release|Any CPU
		{AD936758-6973-45B2-BBE4-72C226252C48}.Release|iPhoneSimulator.Build.0 = Release|Any CPU
		{AD936758-6973-45B2-BBE4-72C226252C48}.Release|x64.ActiveCfg = Release|Any CPU
		{AD936758-6973-45B2-BBE4-72C226252C48}.Release|x64.Build.0 = Release|Any CPU
		{AD936758-6973-45B2-BBE4-72C226252C48}.Release|x86.ActiveCfg = Release|Any CPU
		{AD936758-6973-45B2-BBE4-72C226252C48}.Release|x86.Build.0 = Release|Any CPU
		{F1A5357D-DC9A-489A-B596-6BBADA4A059E}.Ad-Hoc|Any CPU.ActiveCfg = Release|x86
		{F1A5357D-DC9A-489A-B596-6BBADA4A059E}.Ad-Hoc|Any CPU.Build.0 = Release|x86
		{F1A5357D-DC9A-489A-B596-6BBADA4A059E}.Ad-Hoc|Any CPU.Deploy.0 = Release|x86
		{F1A5357D-DC9A-489A-B596-6BBADA4A059E}.Ad-Hoc|ARM.ActiveCfg = Release|ARM
		{F1A5357D-DC9A-489A-B596-6BBADA4A059E}.Ad-Hoc|ARM.Build.0 = Release|ARM
		{F1A5357D-DC9A-489A-B596-6BBADA4A059E}.Ad-Hoc|ARM.Deploy.0 = Release|ARM
		{F1A5357D-DC9A-489A-B596-6BBADA4A059E}.Ad-Hoc|iPhone.ActiveCfg = Release|x86
		{F1A5357D-DC9A-489A-B596-6BBADA4A059E}.Ad-Hoc|iPhone.Build.0 = Release|x86
		{F1A5357D-DC9A-489A-B596-6BBADA4A059E}.Ad-Hoc|iPhone.Deploy.0 = Release|x86
		{F1A5357D-DC9A-489A-B596-6BBADA4A059E}.Ad-Hoc|iPhoneSimulator.ActiveCfg = Release|x86
		{F1A5357D-DC9A-489A-B596-6BBADA4A059E}.Ad-Hoc|iPhoneSimulator.Build.0 = Release|x86
		{F1A5357D-DC9A-489A-B596-6BBADA4A059E}.Ad-Hoc|iPhoneSimulator.Deploy.0 = Release|x86
		{F1A5357D-DC9A-489A-B596-6BBADA4A059E}.Ad-Hoc|x64.ActiveCfg = Release|x64
		{F1A5357D-DC9A-489A-B596-6BBADA4A059E}.Ad-Hoc|x64.Build.0 = Release|x64
		{F1A5357D-DC9A-489A-B596-6BBADA4A059E}.Ad-Hoc|x64.Deploy.0 = Release|x64
		{F1A5357D-DC9A-489A-B596-6BBADA4A059E}.Ad-Hoc|x86.ActiveCfg = Release|x86
		{F1A5357D-DC9A-489A-B596-6BBADA4A059E}.Ad-Hoc|x86.Build.0 = Release|x86
		{F1A5357D-DC9A-489A-B596-6BBADA4A059E}.Ad-Hoc|x86.Deploy.0 = Release|x86
		{F1A5357D-DC9A-489A-B596-6BBADA4A059E}.AppStore|Any CPU.ActiveCfg = Release|x86
		{F1A5357D-DC9A-489A-B596-6BBADA4A059E}.AppStore|Any CPU.Build.0 = Release|x86
		{F1A5357D-DC9A-489A-B596-6BBADA4A059E}.AppStore|Any CPU.Deploy.0 = Release|x86
		{F1A5357D-DC9A-489A-B596-6BBADA4A059E}.AppStore|ARM.ActiveCfg = Release|ARM
		{F1A5357D-DC9A-489A-B596-6BBADA4A059E}.AppStore|ARM.Build.0 = Release|ARM
		{F1A5357D-DC9A-489A-B596-6BBADA4A059E}.AppStore|ARM.Deploy.0 = Release|ARM
		{F1A5357D-DC9A-489A-B596-6BBADA4A059E}.AppStore|iPhone.ActiveCfg = Release|x86
		{F1A5357D-DC9A-489A-B596-6BBADA4A059E}.AppStore|iPhone.Build.0 = Release|x86
		{F1A5357D-DC9A-489A-B596-6BBADA4A059E}.AppStore|iPhone.Deploy.0 = Release|x86
		{F1A5357D-DC9A-489A-B596-6BBADA4A059E}.AppStore|iPhoneSimulator.ActiveCfg = Release|x86
		{F1A5357D-DC9A-489A-B596-6BBADA4A059E}.AppStore|iPhoneSimulator.Build.0 = Release|x86
		{F1A5357D-DC9A-489A-B596-6BBADA4A059E}.AppStore|iPhoneSimulator.Deploy.0 = Release|x86
		{F1A5357D-DC9A-489A-B596-6BBADA4A059E}.AppStore|x64.ActiveCfg = Release|x64
		{F1A5357D-DC9A-489A-B596-6BBADA4A059E}.AppStore|x64.Build.0 = Release|x64
		{F1A5357D-DC9A-489A-B596-6BBADA4A059E}.AppStore|x64.Deploy.0 = Release|x64
		{F1A5357D-DC9A-489A-B596-6BBADA4A059E}.AppStore|x86.ActiveCfg = Release|x86
		{F1A5357D-DC9A-489A-B596-6BBADA4A059E}.AppStore|x86.Build.0 = Release|x86
		{F1A5357D-DC9A-489A-B596-6BBADA4A059E}.AppStore|x86.Deploy.0 = Release|x86
		{F1A5357D-DC9A-489A-B596-6BBADA4A059E}.Debug|Any CPU.ActiveCfg = Debug|x86
		{F1A5357D-DC9A-489A-B596-6BBADA4A059E}.Debug|ARM.ActiveCfg = Debug|ARM
		{F1A5357D-DC9A-489A-B596-6BBADA4A059E}.Debug|ARM.Build.0 = Debug|ARM
		{F1A5357D-DC9A-489A-B596-6BBADA4A059E}.Debug|ARM.Deploy.0 = Debug|ARM
		{F1A5357D-DC9A-489A-B596-6BBADA4A059E}.Debug|iPhone.ActiveCfg = Debug|x86
		{F1A5357D-DC9A-489A-B596-6BBADA4A059E}.Debug|iPhoneSimulator.ActiveCfg = Debug|x86
		{F1A5357D-DC9A-489A-B596-6BBADA4A059E}.Debug|x64.ActiveCfg = Debug|x64
		{F1A5357D-DC9A-489A-B596-6BBADA4A059E}.Debug|x64.Build.0 = Debug|x64
		{F1A5357D-DC9A-489A-B596-6BBADA4A059E}.Debug|x64.Deploy.0 = Debug|x64
		{F1A5357D-DC9A-489A-B596-6BBADA4A059E}.Debug|x86.ActiveCfg = Debug|x86
		{F1A5357D-DC9A-489A-B596-6BBADA4A059E}.Debug|x86.Build.0 = Debug|x86
		{F1A5357D-DC9A-489A-B596-6BBADA4A059E}.Debug|x86.Deploy.0 = Debug|x86
		{F1A5357D-DC9A-489A-B596-6BBADA4A059E}.Release|Any CPU.ActiveCfg = Release|x86
		{F1A5357D-DC9A-489A-B596-6BBADA4A059E}.Release|ARM.ActiveCfg = Release|ARM
		{F1A5357D-DC9A-489A-B596-6BBADA4A059E}.Release|ARM.Build.0 = Release|ARM
		{F1A5357D-DC9A-489A-B596-6BBADA4A059E}.Release|ARM.Deploy.0 = Release|ARM
		{F1A5357D-DC9A-489A-B596-6BBADA4A059E}.Release|iPhone.ActiveCfg = Release|x86
		{F1A5357D-DC9A-489A-B596-6BBADA4A059E}.Release|iPhoneSimulator.ActiveCfg = Release|x86
		{F1A5357D-DC9A-489A-B596-6BBADA4A059E}.Release|x64.ActiveCfg = Release|x64
		{F1A5357D-DC9A-489A-B596-6BBADA4A059E}.Release|x64.Build.0 = Release|x64
		{F1A5357D-DC9A-489A-B596-6BBADA4A059E}.Release|x64.Deploy.0 = Release|x64
		{F1A5357D-DC9A-489A-B596-6BBADA4A059E}.Release|x86.ActiveCfg = Release|x86
		{F1A5357D-DC9A-489A-B596-6BBADA4A059E}.Release|x86.Build.0 = Release|x86
		{F1A5357D-DC9A-489A-B596-6BBADA4A059E}.Release|x86.Deploy.0 = Release|x86
		{2203132C-19DD-42A6-8512-15F7F271C28C}.Ad-Hoc|Any CPU.ActiveCfg = Ad-Hoc|iPhone
		{2203132C-19DD-42A6-8512-15F7F271C28C}.Ad-Hoc|ARM.ActiveCfg = Ad-Hoc|iPhone
		{2203132C-19DD-42A6-8512-15F7F271C28C}.Ad-Hoc|iPhone.ActiveCfg = Ad-Hoc|iPhone
		{2203132C-19DD-42A6-8512-15F7F271C28C}.Ad-Hoc|iPhone.Build.0 = Ad-Hoc|iPhone
		{2203132C-19DD-42A6-8512-15F7F271C28C}.Ad-Hoc|iPhoneSimulator.ActiveCfg = Ad-Hoc|iPhoneSimulator
		{2203132C-19DD-42A6-8512-15F7F271C28C}.Ad-Hoc|iPhoneSimulator.Build.0 = Ad-Hoc|iPhoneSimulator
		{2203132C-19DD-42A6-8512-15F7F271C28C}.Ad-Hoc|x64.ActiveCfg = Ad-Hoc|iPhone
		{2203132C-19DD-42A6-8512-15F7F271C28C}.Ad-Hoc|x86.ActiveCfg = Ad-Hoc|iPhone
		{2203132C-19DD-42A6-8512-15F7F271C28C}.AppStore|Any CPU.ActiveCfg = AppStore|iPhone
		{2203132C-19DD-42A6-8512-15F7F271C28C}.AppStore|ARM.ActiveCfg = AppStore|iPhone
		{2203132C-19DD-42A6-8512-15F7F271C28C}.AppStore|iPhone.ActiveCfg = AppStore|iPhone
		{2203132C-19DD-42A6-8512-15F7F271C28C}.AppStore|iPhone.Build.0 = AppStore|iPhone
		{2203132C-19DD-42A6-8512-15F7F271C28C}.AppStore|iPhoneSimulator.ActiveCfg = AppStore|iPhoneSimulator
		{2203132C-19DD-42A6-8512-15F7F271C28C}.AppStore|iPhoneSimulator.Build.0 = AppStore|iPhoneSimulator
		{2203132C-19DD-42A6-8512-15F7F271C28C}.AppStore|x64.ActiveCfg = AppStore|iPhone
		{2203132C-19DD-42A6-8512-15F7F271C28C}.AppStore|x86.ActiveCfg = AppStore|iPhone
		{2203132C-19DD-42A6-8512-15F7F271C28C}.Debug|Any CPU.ActiveCfg = Debug|iPhone
		{2203132C-19DD-42A6-8512-15F7F271C28C}.Debug|ARM.ActiveCfg = Debug|iPhone
		{2203132C-19DD-42A6-8512-15F7F271C28C}.Debug|iPhone.ActiveCfg = Debug|iPhone
		{2203132C-19DD-42A6-8512-15F7F271C28C}.Debug|iPhone.Build.0 = Debug|iPhone
		{2203132C-19DD-42A6-8512-15F7F271C28C}.Debug|iPhoneSimulator.ActiveCfg = Debug|iPhoneSimulator
		{2203132C-19DD-42A6-8512-15F7F271C28C}.Debug|iPhoneSimulator.Build.0 = Debug|iPhoneSimulator
		{2203132C-19DD-42A6-8512-15F7F271C28C}.Debug|x64.ActiveCfg = Debug|iPhone
		{2203132C-19DD-42A6-8512-15F7F271C28C}.Debug|x86.ActiveCfg = Debug|iPhone
		{2203132C-19DD-42A6-8512-15F7F271C28C}.Release|Any CPU.ActiveCfg = Release|iPhone
		{2203132C-19DD-42A6-8512-15F7F271C28C}.Release|ARM.ActiveCfg = Release|iPhone
		{2203132C-19DD-42A6-8512-15F7F271C28C}.Release|iPhone.ActiveCfg = Release|iPhone
		{2203132C-19DD-42A6-8512-15F7F271C28C}.Release|iPhone.Build.0 = Release|iPhone
		{2203132C-19DD-42A6-8512-15F7F271C28C}.Release|iPhoneSimulator.ActiveCfg = Release|iPhoneSimulator
		{2203132C-19DD-42A6-8512-15F7F271C28C}.Release|iPhoneSimulator.Build.0 = Release|iPhoneSimulator
		{2203132C-19DD-42A6-8512-15F7F271C28C}.Release|x64.ActiveCfg = Release|iPhone
		{2203132C-19DD-42A6-8512-15F7F271C28C}.Release|x86.ActiveCfg = Release|iPhone
	EndGlobalSection
	GlobalSection(SolutionProperties) = preSolution
		HideSolutionNode = FALSE
	EndGlobalSection
EndGlobal
